
Microsoft Visual Studio Solution File, Format Version 12.00
# Visual Studio Version 17
VisualStudioVersion = 17.4.33122.133
MinimumVisualStudioVersion = 10.0.40219.1
Project("{8BC9CEB8-8B4A-11D0-8D11-00A0C91BC942}") = "ConsoleApplication1", "ConsoleApplication1\ConsoleApplication1.vcxproj", "{7B9AC0AF-D8F0-4DC7-95D5-8753B0CC44FD}"
EndProject
Global
	GlobalSection(SolutionConfigurationPlatforms) = preSolution
		Debug|x64 = Debug|x64
		Debug|x86 = Debug|x86
		Release|x64 = Release|x64
		Release|x86 = Release|x86
	EndGlobalSection
	GlobalSection(ProjectConfigurationPlatforms) = postSolution
		{7B9AC0AF-D8F0-4DC7-95D5-8753B0CC44FD}.Debug|x64.ActiveCfg = Debug|x64
		{7B9AC0AF-D8F0-4DC7-95D5-8753B0CC44FD}.Debug|x64.Build.0 = Debug|x64
		{7B9AC0AF-D8F0-4DC7-95D5-8753B0CC44FD}.Debug|x86.ActiveCfg = Debug|Win32
		{7B9AC0AF-D8F0-4DC7-95D5-8753B0CC44FD}.Debug|x86.Build.0 = Debug|Win32
		{7B9AC0AF-D8F0-4DC7-95D5-8753B0CC44FD}.Release|x64.ActiveCfg = Release|x64
		{7B9AC0AF-D8F0-4DC7-95D5-8753B0CC44FD}.Release|x64.Build.0 = Release|x64
		{7B9AC0AF-D8F0-4DC7-95D5-8753B0CC44FD}.Release|x86.ActiveCfg = Release|Win32
		{7B9AC0AF-D8F0-4DC7-95D5-8753B0CC44FD}.Release|x86.Build.0 = Release|Win32
	EndGlobalSection
	GlobalSection(SolutionProperties) = preSolution
		HideSolutionNode = FALSE
	EndGlobalSection
	GlobalSection(ExtensibilityGlobals) = postSolution
		SolutionGuid = {0403D2B7-2B68-4830-80FD-5ECA64C89A0F}
	EndGlobalSection
EndGlobal
